
Microsoft Visual Studio Solution File, Format Version 12.00
Project("{FAE04EC0-301F-11D3-BF4B-00C04F79EFBC}") = "Domainatr.Messaging.Core", "Domainatr.Messaging.Core\Domainatr.Messaging.Core.csproj", "{63BB0247-3785-4D60-BFF2-57B8D36DF5DD}"
EndProject
Global
	GlobalSection(SolutionConfigurationPlatforms) = preSolution
		Debug|Any CPU = Debug|Any CPU
		Release|Any CPU = Release|Any CPU
	EndGlobalSection
	GlobalSection(ProjectConfigurationPlatforms) = postSolution
		{63BB0247-3785-4D60-BFF2-57B8D36DF5DD}.Debug|Any CPU.ActiveCfg = Debug|Any CPU
		{63BB0247-3785-4D60-BFF2-57B8D36DF5DD}.Debug|Any CPU.Build.0 = Debug|Any CPU
		{63BB0247-3785-4D60-BFF2-57B8D36DF5DD}.Release|Any CPU.ActiveCfg = Release|Any CPU
		{63BB0247-3785-4D60-BFF2-57B8D36DF5DD}.Release|Any CPU.Build.0 = Release|Any CPU
	EndGlobalSection
EndGlobal
